// !$*UTF8*$!
{
	archiveVersion = 1;
	classes = {
	};
	objectVersion = 55;
	objects = {

/* Begin PBXBuildFile section */
		009F55C12888186000E638BE /* AppDelegate.swift in Sources */ = {isa = PBXBuildFile; fileRef = 009F55C02888186000E638BE /* AppDelegate.swift */; };
		009F55C32888186000E638BE /* SceneDelegate.swift in Sources */ = {isa = PBXBuildFile; fileRef = 009F55C22888186000E638BE /* SceneDelegate.swift */; };
		009F55C52888186000E638BE /* ViewController.swift in Sources */ = {isa = PBXBuildFile; fileRef = 009F55C42888186000E638BE /* ViewController.swift */; };
		009F55C82888186000E638BE /* Main.storyboard in Resources */ = {isa = PBXBuildFile; fileRef = 009F55C62888186000E638BE /* Main.storyboard */; };
		009F55CA2888186300E638BE /* Assets.xcassets in Resources */ = {isa = PBXBuildFile; fileRef = 009F55C92888186300E638BE /* Assets.xcassets */; };
		009F55CD2888186300E638BE /* LaunchScreen.storyboard in Resources */ = {isa = PBXBuildFile; fileRef = 009F55CB2888186300E638BE /* LaunchScreen.storyboard */; };
		009F55D82888186300E638BE /* StillImageClassifierTests.swift in Sources */ = {isa = PBXBuildFile; fileRef = 009F55D72888186300E638BE /* StillImageClassifierTests.swift */; };
		009F55E22888186300E638BE /* StillImageClassifierUITests.swift in Sources */ = {isa = PBXBuildFile; fileRef = 009F55E12888186300E638BE /* StillImageClassifierUITests.swift */; };
		009F55E42888186300E638BE /* StillImageClassifierUITestsLaunchTests.swift in Sources */ = {isa = PBXBuildFile; fileRef = 009F55E32888186300E638BE /* StillImageClassifierUITestsLaunchTests.swift */; };
		009F55F128881C1900E638BE /* Resnet50.mlmodel in Sources */ = {isa = PBXBuildFile; fileRef = 009F55F028881C1900E638BE /* Resnet50.mlmodel */; };
		00CF7D892889A547005C2BC8 /* PredictionViewController.swift in Sources */ = {isa = PBXBuildFile; fileRef = 00CF7D882889A547005C2BC8 /* PredictionViewController.swift */; };
/* End PBXBuildFile section */

/* Begin PBXContainerItemProxy section */
		009F55D42888186300E638BE /* PBXContainerItemProxy */ = {
			isa = PBXContainerItemProxy;
			containerPortal = 009F55B52888186000E638BE /* Project object */;
			proxyType = 1;
			remoteGlobalIDString = 009F55BC2888186000E638BE;
			remoteInfo = StillImageClassifier;
		};
		009F55DE2888186300E638BE /* PBXContainerItemProxy */ = {
			isa = PBXContainerItemProxy;
			containerPortal = 009F55B52888186000E638BE /* Project object */;
			proxyType = 1;
			remoteGlobalIDString = 009F55BC2888186000E638BE;
			remoteInfo = StillImageClassifier;
		};
/* End PBXContainerItemProxy section */

/* Begin PBXFileReference section */
		009F55BD2888186000E638BE /* StillImageClassifier.app */ = {isa = PBXFileReference; explicitFileType = wrapper.application; includeInIndex = 0; path = StillImageClassifier.app; sourceTree = BUILT_PRODUCTS_DIR; };
		009F55C02888186000E638BE /* AppDelegate.swift */ = {isa = PBXFileReference; lastKnownFileType = sourcecode.swift; path = AppDelegate.swift; sourceTree = "<group>"; };
		009F55C22888186000E638BE /* SceneDelegate.swift */ = {isa = PBXFileReference; lastKnownFileType = sourcecode.swift; path = SceneDelegate.swift; sourceTree = "<group>"; };
		009F55C42888186000E638BE /* ViewController.swift */ = {isa = PBXFileReference; lastKnownFileType = sourcecode.swift; path = ViewController.swift; sourceTree = "<group>"; };
		009F55C72888186000E638BE /* Base */ = {isa = PBXFileReference; lastKnownFileType = file.storyboard; name = Base; path = Base.lproj/Main.storyboard; sourceTree = "<group>"; };
		009F55C92888186300E638BE /* Assets.xcassets */ = {isa = PBXFileReference; lastKnownFileType = folder.assetcatalog; path = Assets.xcassets; sourceTree = "<group>"; };
		009F55CC2888186300E638BE /* Base */ = {isa = PBXFileReference; lastKnownFileType = file.storyboard; name = Base; path = Base.lproj/LaunchScreen.storyboard; sourceTree = "<group>"; };
		009F55CE2888186300E638BE /* Info.plist */ = {isa = PBXFileReference; lastKnownFileType = text.plist.xml; path = Info.plist; sourceTree = "<group>"; };
		009F55D32888186300E638BE /* StillImageClassifierTests.xctest */ = {isa = PBXFileReference; explicitFileType = wrapper.cfbundle; includeInIndex = 0; path = StillImageClassifierTests.xctest; sourceTree = BUILT_PRODUCTS_DIR; };
		009F55D72888186300E638BE /* StillImageClassifierTests.swift */ = {isa = PBXFileReference; lastKnownFileType = sourcecode.swift; path = StillImageClassifierTests.swift; sourceTree = "<group>"; };
		009F55DD2888186300E638BE /* StillImageClassifierUITests.xctest */ = {isa = PBXFileReference; explicitFileType = wrapper.cfbundle; includeInIndex = 0; path = StillImageClassifierUITests.xctest; sourceTree = BUILT_PRODUCTS_DIR; };
		009F55E12888186300E638BE /* StillImageClassifierUITests.swift */ = {isa = PBXFileReference; lastKnownFileType = sourcecode.swift; path = StillImageClassifierUITests.swift; sourceTree = "<group>"; };
		009F55E32888186300E638BE /* StillImageClassifierUITestsLaunchTests.swift */ = {isa = PBXFileReference; lastKnownFileType = sourcecode.swift; path = StillImageClassifierUITestsLaunchTests.swift; sourceTree = "<group>"; };
		009F55F028881C1900E638BE /* Resnet50.mlmodel */ = {isa = PBXFileReference; lastKnownFileType = file.mlmodel; path = Resnet50.mlmodel; sourceTree = "<group>"; };
		00CF7D882889A547005C2BC8 /* PredictionViewController.swift */ = {isa = PBXFileReference; lastKnownFileType = sourcecode.swift; path = PredictionViewController.swift; sourceTree = "<group>"; };
/* End PBXFileReference section */

/* Begin PBXFrameworksBuildPhase section */
		009F55BA2888186000E638BE /* Frameworks */ = {
			isa = PBXFrameworksBuildPhase;
			buildActionMask = 2147483647;
			files = (
			);
			runOnlyForDeploymentPostprocessing = 0;
		};
		009F55D02888186300E638BE /* Frameworks */ = {
			isa = PBXFrameworksBuildPhase;
			buildActionMask = 2147483647;
			files = (
			);
			runOnlyForDeploymentPostprocessing = 0;
		};
		009F55DA2888186300E638BE /* Frameworks */ = {
			isa = PBXFrameworksBuildPhase;
			buildActionMask = 2147483647;
			files = (
			);
			runOnlyForDeploymentPostprocessing = 0;
		};
/* End PBXFrameworksBuildPhase section */

/* Begin PBXGroup section */
		009F55B42888186000E638BE = {
			isa = PBXGroup;
			children = (
				009F55BF2888186000E638BE /* StillImageClassifier */,
				009F55D62888186300E638BE /* StillImageClassifierTests */,
				009F55E02888186300E638BE /* StillImageClassifierUITests */,
				009F55BE2888186000E638BE /* Products */,
			);
			sourceTree = "<group>";
		};
		009F55BE2888186000E638BE /* Products */ = {
			isa = PBXGroup;
			children = (
				009F55BD2888186000E638BE /* StillImageClassifier.app */,
				009F55D32888186300E638BE /* StillImageClassifierTests.xctest */,
				009F55DD2888186300E638BE /* StillImageClassifierUITests.xctest */,
			);
			name = Products;
			sourceTree = "<group>";
		};
		009F55BF2888186000E638BE /* StillImageClassifier */ = {
			isa = PBXGroup;
			children = (
				009FEA62288D18E3009A6732 /* storyboards */,
				009FEA61288D18D3009A6732 /* views */,
				009FEA60288D18C5009A6732 /* models */,
				009F55C02888186000E638BE /* AppDelegate.swift */,
				009F55C22888186000E638BE /* SceneDelegate.swift */,
				009F55C92888186300E638BE /* Assets.xcassets */,
				009F55CE2888186300E638BE /* Info.plist */,
			);
			path = StillImageClassifier;
			sourceTree = "<group>";
		};
		009F55D62888186300E638BE /* StillImageClassifierTests */ = {
			isa = PBXGroup;
			children = (
				009F55D72888186300E638BE /* StillImageClassifierTests.swift */,
			);
			path = StillImageClassifierTests;
			sourceTree = "<group>";
		};
		009F55E02888186300E638BE /* StillImageClassifierUITests */ = {
			isa = PBXGroup;
			children = (
				009F55E12888186300E638BE /* StillImageClassifierUITests.swift */,
				009F55E32888186300E638BE /* StillImageClassifierUITestsLaunchTests.swift */,
			);
			path = StillImageClassifierUITests;
			sourceTree = "<group>";
		};
		009FEA60288D18C5009A6732 /* models */ = {
			isa = PBXGroup;
			children = (
				009F55F028881C1900E638BE /* Resnet50.mlmodel */,
			);
			path = models;
			sourceTree = "<group>";
		};
		009FEA61288D18D3009A6732 /* views */ = {
			isa = PBXGroup;
			children = (
				00CF7D882889A547005C2BC8 /* PredictionViewController.swift */,
				009F55C42888186000E638BE /* ViewController.swift */,
			);
			path = views;
			sourceTree = "<group>";
		};
		009FEA62288D18E3009A6732 /* storyboards */ = {
			isa = PBXGroup;
			children = (
				009F55C62888186000E638BE /* Main.storyboard */,
				009F55CB2888186300E638BE /* LaunchScreen.storyboard */,
			);
			path = storyboards;
			sourceTree = "<group>";
		};
/* End PBXGroup section */

/* Begin PBXNativeTarget section */
		009F55BC2888186000E638BE /* StillImageClassifier */ = {
			isa = PBXNativeTarget;
			buildConfigurationList = 009F55E72888186300E638BE /* Build configuration list for PBXNativeTarget "StillImageClassifier" */;
			buildPhases = (
				009F55B92888186000E638BE /* Sources */,
				009F55BA2888186000E638BE /* Frameworks */,
				009F55BB2888186000E638BE /* Resources */,
			);
			buildRules = (
			);
			dependencies = (
			);
			name = StillImageClassifier;
			productName = StillImageClassifier;
			productReference = 009F55BD2888186000E638BE /* StillImageClassifier.app */;
			productType = "com.apple.product-type.application";
		};
		009F55D22888186300E638BE /* StillImageClassifierTests */ = {
			isa = PBXNativeTarget;
			buildConfigurationList = 009F55EA2888186300E638BE /* Build configuration list for PBXNativeTarget "StillImageClassifierTests" */;
			buildPhases = (
				009F55CF2888186300E638BE /* Sources */,
				009F55D02888186300E638BE /* Frameworks */,
				009F55D12888186300E638BE /* Resources */,
			);
			buildRules = (
			);
			dependencies = (
				009F55D52888186300E638BE /* PBXTargetDependency */,
			);
			name = StillImageClassifierTests;
			productName = StillImageClassifierTests;
			productReference = 009F55D32888186300E638BE /* StillImageClassifierTests.xctest */;
			productType = "com.apple.product-type.bundle.unit-test";
		};
		009F55DC2888186300E638BE /* StillImageClassifierUITests */ = {
			isa = PBXNativeTarget;
			buildConfigurationList = 009F55ED2888186300E638BE /* Build configuration list for PBXNativeTarget "StillImageClassifierUITests" */;
			buildPhases = (
				009F55D92888186300E638BE /* Sources */,
				009F55DA2888186300E638BE /* Frameworks */,
				009F55DB2888186300E638BE /* Resources */,
			);
			buildRules = (
			);
			dependencies = (
				009F55DF2888186300E638BE /* PBXTargetDependency */,
			);
			name = StillImageClassifierUITests;
			productName = StillImageClassifierUITests;
			productReference = 009F55DD2888186300E638BE /* StillImageClassifierUITests.xctest */;
			productType = "com.apple.product-type.bundle.ui-testing";
		};
/* End PBXNativeTarget section */

/* Begin PBXProject section */
		009F55B52888186000E638BE /* Project object */ = {
			isa = PBXProject;
			attributes = {
				BuildIndependentTargetsInParallel = 1;
				LastSwiftUpdateCheck = 1340;
				LastUpgradeCheck = 1340;
				TargetAttributes = {
					009F55BC2888186000E638BE = {
						CreatedOnToolsVersion = 13.4.1;
					};
					009F55D22888186300E638BE = {
						CreatedOnToolsVersion = 13.4.1;
						TestTargetID = 009F55BC2888186000E638BE;
					};
					009F55DC2888186300E638BE = {
						CreatedOnToolsVersion = 13.4.1;
						TestTargetID = 009F55BC2888186000E638BE;
					};
				};
			};
			buildConfigurationList = 009F55B82888186000E638BE /* Build configuration list for PBXProject "StillImageClassifier" */;
			compatibilityVersion = "Xcode 13.0";
			developmentRegion = en;
			hasScannedForEncodings = 0;
			knownRegions = (
				en,
				Base,
			);
			mainGroup = 009F55B42888186000E638BE;
			productRefGroup = 009F55BE2888186000E638BE /* Products */;
			projectDirPath = "";
			projectRoot = "";
			targets = (
				009F55BC2888186000E638BE /* StillImageClassifier */,
				009F55D22888186300E638BE /* StillImageClassifierTests */,
				009F55DC2888186300E638BE /* StillImageClassifierUITests */,
			);
		};
/* End PBXProject section */

/* Begin PBXResourcesBuildPhase section */
		009F55BB2888186000E638BE /* Resources */ = {
			isa = PBXResourcesBuildPhase;
			buildActionMask = 2147483647;
			files = (
				009F55CD2888186300E638BE /* LaunchScreen.storyboard in Resources */,
				009F55CA2888186300E638BE /* Assets.xcassets in Resources */,
				009F55C82888186000E638BE /* Main.storyboard in Resources */,
			);
			runOnlyForDeploymentPostprocessing = 0;
		};
		009F55D12888186300E638BE /* Resources */ = {
			isa = PBXResourcesBuildPhase;
			buildActionMask = 2147483647;
			files = (
			);
			runOnlyForDeploymentPostprocessing = 0;
		};
		009F55DB2888186300E638BE /* Resources */ = {
			isa = PBXResourcesBuildPhase;
			buildActionMask = 2147483647;
			files = (
			);
			runOnlyForDeploymentPostprocessing = 0;
		};
/* End PBXResourcesBuildPhase section */

/* Begin PBXSourcesBuildPhase section */
		009F55B92888186000E638BE /* Sources */ = {
			isa = PBXSourcesBuildPhase;
			buildActionMask = 2147483647;
			files = (
				009F55C52888186000E638BE /* ViewController.swift in Sources */,
				00CF7D892889A547005C2BC8 /* PredictionViewController.swift in Sources */,
				009F55C12888186000E638BE /* AppDelegate.swift in Sources */,
				009F55F128881C1900E638BE /* Resnet50.mlmodel in Sources */,
				009F55C32888186000E638BE /* SceneDelegate.swift in Sources */,
			);
			runOnlyForDeploymentPostprocessing = 0;
		};
		009F55CF2888186300E638BE /* Sources */ = {
			isa = PBXSourcesBuildPhase;
			buildActionMask = 2147483647;
			files = (
				009F55D82888186300E638BE /* StillImageClassifierTests.swift in Sources */,
			);
			runOnlyForDeploymentPostprocessing = 0;
		};
		009F55D92888186300E638BE /* Sources */ = {
			isa = PBXSourcesBuildPhase;
			buildActionMask = 2147483647;
			files = (
				009F55E42888186300E638BE /* StillImageClassifierUITestsLaunchTests.swift in Sources */,
				009F55E22888186300E638BE /* StillImageClassifierUITests.swift in Sources */,
			);
			runOnlyForDeploymentPostprocessing = 0;
		};
/* End PBXSourcesBuildPhase section */

/* Begin PBXTargetDependency section */
		009F55D52888186300E638BE /* PBXTargetDependency */ = {
			isa = PBXTargetDependency;
			target = 009F55BC2888186000E638BE /* StillImageClassifier */;
			targetProxy = 009F55D42888186300E638BE /* PBXContainerItemProxy */;
		};
		009F55DF2888186300E638BE /* PBXTargetDependency */ = {
			isa = PBXTargetDependency;
			target = 009F55BC2888186000E638BE /* StillImageClassifier */;
			targetProxy = 009F55DE2888186300E638BE /* PBXContainerItemProxy */;
		};
/* End PBXTargetDependency section */

/* Begin PBXVariantGroup section */
		009F55C62888186000E638BE /* Main.storyboard */ = {
			isa = PBXVariantGroup;
			children = (
				009F55C72888186000E638BE /* Base */,
			);
			name = Main.storyboard;
			sourceTree = "<group>";
		};
		009F55CB2888186300E638BE /* LaunchScreen.storyboard */ = {
			isa = PBXVariantGroup;
			children = (
				009F55CC2888186300E638BE /* Base */,
			);
			name = LaunchScreen.storyboard;
			sourceTree = "<group>";
		};
/* End PBXVariantGroup section */

/* Begin XCBuildConfiguration section */
		009F55E52888186300E638BE /* Debug */ = {
			isa = XCBuildConfiguration;
			buildSettings = {
				ALWAYS_SEARCH_USER_PATHS = NO;
				CLANG_ANALYZER_NONNULL = YES;
				CLANG_ANALYZER_NUMBER_OBJECT_CONVERSION = YES_AGGRESSIVE;
				CLANG_CXX_LANGUAGE_STANDARD = "gnu++17";
				CLANG_ENABLE_MODULES = YES;
				CLANG_ENABLE_OBJC_ARC = YES;
				CLANG_ENABLE_OBJC_WEAK = YES;
				CLANG_WARN_BLOCK_CAPTURE_AUTORELEASING = YES;
				CLANG_WARN_BOOL_CONVERSION = YES;
				CLANG_WARN_COMMA = YES;
				CLANG_WARN_CONSTANT_CONVERSION = YES;
				CLANG_WARN_DEPRECATED_OBJC_IMPLEMENTATIONS = YES;
				CLANG_WARN_DIRECT_OBJC_ISA_USAGE = YES_ERROR;
				CLANG_WARN_DOCUMENTATION_COMMENTS = YES;
				CLANG_WARN_EMPTY_BODY = YES;
				CLANG_WARN_ENUM_CONVERSION = YES;
				CLANG_WARN_INFINITE_RECURSION = YES;
				CLANG_WARN_INT_CONVERSION = YES;
				CLANG_WARN_NON_LITERAL_NULL_CONVERSION = YES;
				CLANG_WARN_OBJC_IMPLICIT_RETAIN_SELF = YES;
				CLANG_WARN_OBJC_LITERAL_CONVERSION = YES;
				CLANG_WARN_OBJC_ROOT_CLASS = YES_ERROR;
				CLANG_WARN_QUOTED_INCLUDE_IN_FRAMEWORK_HEADER = YES;
				CLANG_WARN_RANGE_LOOP_ANALYSIS = YES;
				CLANG_WARN_STRICT_PROTOTYPES = YES;
				CLANG_WARN_SUSPICIOUS_MOVE = YES;
				CLANG_WARN_UNGUARDED_AVAILABILITY = YES_AGGRESSIVE;
				CLANG_WARN_UNREACHABLE_CODE = YES;
				CLANG_WARN__DUPLICATE_METHOD_MATCH = YES;
				COPY_PHASE_STRIP = NO;
				DEBUG_INFORMATION_FORMAT = dwarf;
				ENABLE_STRICT_OBJC_MSGSEND = YES;
				ENABLE_TESTABILITY = YES;
				GCC_C_LANGUAGE_STANDARD = gnu11;
				GCC_DYNAMIC_NO_PIC = NO;
				GCC_NO_COMMON_BLOCKS = YES;
				GCC_OPTIMIZATION_LEVEL = 0;
				GCC_PREPROCESSOR_DEFINITIONS = (
					"DEBUG=1",
					"$(inherited)",
				);
				GCC_WARN_64_TO_32_BIT_CONVERSION = YES;
				GCC_WARN_ABOUT_RETURN_TYPE = YES_ERROR;
				GCC_WARN_UNDECLARED_SELECTOR = YES;
				GCC_WARN_UNINITIALIZED_AUTOS = YES_AGGRESSIVE;
				GCC_WARN_UNUSED_FUNCTION = YES;
				GCC_WARN_UNUSED_VARIABLE = YES;
				IPHONEOS_DEPLOYMENT_TARGET = 15.5;
				MTL_ENABLE_DEBUG_INFO = INCLUDE_SOURCE;
				MTL_FAST_MATH = YES;
				ONLY_ACTIVE_ARCH = YES;
				SDKROOT = iphoneos;
				SWIFT_ACTIVE_COMPILATION_CONDITIONS = DEBUG;
				SWIFT_OPTIMIZATION_LEVEL = "-Onone";
			};
			name = Debug;
		};
		009F55E62888186300E638BE /* Release */ = {
			isa = XCBuildConfiguration;
			buildSettings = {
				ALWAYS_SEARCH_USER_PATHS = NO;
				CLANG_ANALYZER_NONNULL = YES;
				CLANG_ANALYZER_NUMBER_OBJECT_CONVERSION = YES_AGGRESSIVE;
				CLANG_CXX_LANGUAGE_STANDARD = "gnu++17";
				CLANG_ENABLE_MODULES = YES;
				CLANG_ENABLE_OBJC_ARC = YES;
				CLANG_ENABLE_OBJC_WEAK = YES;
				CLANG_WARN_BLOCK_CAPTURE_AUTORELEASING = YES;
				CLANG_WARN_BOOL_CONVERSION = YES;
				CLANG_WARN_COMMA = YES;
				CLANG_WARN_CONSTANT_CONVERSION = YES;
				CLANG_WARN_DEPRECATED_OBJC_IMPLEMENTATIONS = YES;
				CLANG_WARN_DIRECT_OBJC_ISA_USAGE = YES_ERROR;
				CLANG_WARN_DOCUMENTATION_COMMENTS = YES;
				CLANG_WARN_EMPTY_BODY = YES;
				CLANG_WARN_ENUM_CONVERSION = YES;
				CLANG_WARN_INFINITE_RECURSION = YES;
				CLANG_WARN_INT_CONVERSION = YES;
				CLANG_WARN_NON_LITERAL_NULL_CONVERSION = YES;
				CLANG_WARN_OBJC_IMPLICIT_RETAIN_SELF = YES;
				CLANG_WARN_OBJC_LITERAL_CONVERSION = YES;
				CLANG_WARN_OBJC_ROOT_CLASS = YES_ERROR;
				CLANG_WARN_QUOTED_INCLUDE_IN_FRAMEWORK_HEADER = YES;
				CLANG_WARN_RANGE_LOOP_ANALYSIS = YES;
				CLANG_WARN_STRICT_PROTOTYPES = YES;
				CLANG_WARN_SUSPICIOUS_MOVE = YES;
				CLANG_WARN_UNGUARDED_AVAILABILITY = YES_AGGRESSIVE;
				CLANG_WARN_UNREACHABLE_CODE = YES;
				CLANG_WARN__DUPLICATE_METHOD_MATCH = YES;
				COPY_PHASE_STRIP = NO;
				DEBUG_INFORMATION_FORMAT = "dwarf-with-dsym";
				ENABLE_NS_ASSERTIONS = NO;
				ENABLE_STRICT_OBJC_MSGSEND = YES;
				GCC_C_LANGUAGE_STANDARD = gnu11;
				GCC_NO_COMMON_BLOCKS = YES;
				GCC_WARN_64_TO_32_BIT_CONVERSION = YES;
				GCC_WARN_ABOUT_RETURN_TYPE = YES_ERROR;
				GCC_WARN_UNDECLARED_SELECTOR = YES;
				GCC_WARN_UNINITIALIZED_AUTOS = YES_AGGRESSIVE;
				GCC_WARN_UNUSED_FUNCTION = YES;
				GCC_WARN_UNUSED_VARIABLE = YES;
				IPHONEOS_DEPLOYMENT_TARGET = 15.5;
				MTL_ENABLE_DEBUG_INFO = NO;
				MTL_FAST_MATH = YES;
				SDKROOT = iphoneos;
				SWIFT_COMPILATION_MODE = wholemodule;
				SWIFT_OPTIMIZATION_LEVEL = "-O";
				VALIDATE_PRODUCT = YES;
			};
			name = Release;
		};
		009F55E82888186300E638BE /* Debug */ = {
			isa = XCBuildConfiguration;
			buildSettings = {
				ASSETCATALOG_COMPILER_APPICON_NAME = AppIcon;
				ASSETCATALOG_COMPILER_GLOBAL_ACCENT_COLOR_NAME = AccentColor;
				CODE_SIGN_STYLE = Automatic;
				CURRENT_PROJECT_VERSION = 1;
				DEVELOPMENT_TEAM = HKYHFUB552;
				GENERATE_INFOPLIST_FILE = YES;
				INFOPLIST_FILE = StillImageClassifier/Info.plist;
				INFOPLIST_KEY_UIApplicationSupportsIndirectInputEvents = YES;
				INFOPLIST_KEY_UILaunchStoryboardName = LaunchScreen;
				INFOPLIST_KEY_UIMainStoryboardFile = Main;
				INFOPLIST_KEY_UISupportedInterfaceOrientations_iPad = "UIInterfaceOrientationPortrait UIInterfaceOrientationPortraitUpsideDown UIInterfaceOrientationLandscapeLeft UIInterfaceOrientationLandscapeRight";
				INFOPLIST_KEY_UISupportedInterfaceOrientations_iPhone = "UIInterfaceOrientationPortrait UIInterfaceOrientationLandscapeLeft UIInterfaceOrientationLandscapeRight";
				LD_RUNPATH_SEARCH_PATHS = (
					"$(inherited)",
					"@executable_path/Frameworks",
				);
				MARKETING_VERSION = 1.0;
				PRODUCT_BUNDLE_IDENTIFIER = com.egehurturk.StillImageClassifier;
				PRODUCT_NAME = "$(TARGET_NAME)";
				SWIFT_EMIT_LOC_STRINGS = YES;
				SWIFT_VERSION = 5.0;
				TARGETED_DEVICE_FAMILY = "1,2";
			};
			name = Debug;
		};
		009F55E92888186300E638BE /* Release */ = {
			isa = XCBuildConfiguration;
			buildSettings = {
				ASSETCATALOG_COMPILER_APPICON_NAME = AppIcon;
				ASSETCATALOG_COMPILER_GLOBAL_ACCENT_COLOR_NAME = AccentColor;
				CODE_SIGN_STYLE = Automatic;
				CURRENT_PROJECT_VERSION = 1;
				DEVELOPMENT_TEAM = HKYHFUB552;
				GENERATE_INFOPLIST_FILE = YES;
				INFOPLIST_FILE = StillImageClassifier/Info.plist;
				INFOPLIST_KEY_UIApplicationSupportsIndirectInputEvents = YES;
				INFOPLIST_KEY_UILaunchStoryboardName = LaunchScreen;
				INFOPLIST_KEY_UIMainStoryboardFile = Main;
				INFOPLIST_KEY_UISupportedInterfaceOrientations_iPad = "UIInterfaceOrientationPortrait UIInterfaceOrientationPortraitUpsideDown UIInterfaceOrientationLandscapeLeft UIInterfaceOrientationLandscapeRight";
				INFOPLIST_KEY_UISupportedInterfaceOrientations_iPhone = "UIInterfaceOrientationPortrait UIInterfaceOrientationLandscapeLeft UIInterfaceOrientationLandscapeRight";
				LD_RUNPATH_SEARCH_PATHS = (
					"$(inherited)",
					"@executable_path/Frameworks",
				);
				MARKETING_VERSION = 1.0;
				PRODUCT_BUNDLE_IDENTIFIER = com.egehurturk.StillImageClassifier;
				PRODUCT_NAME = "$(TARGET_NAME)";
				SWIFT_EMIT_LOC_STRINGS = YES;
				SWIFT_VERSION = 5.0;
				TARGETED_DEVICE_FAMILY = "1,2";
			};
			name = Release;
		};
		009F55EB2888186300E638BE /* Debug */ = {
			isa = XCBuildConfiguration;
			buildSettings = {
				ALWAYS_EMBED_SWIFT_STANDARD_LIBRARIES = YES;
				BUNDLE_LOADER = "$(TEST_HOST)";
				CODE_SIGN_STYLE = Automatic;
				CURRENT_PROJECT_VERSION = 1;
				DEVELOPMENT_TEAM = HKYHFUB552;
				GENERATE_INFOPLIST_FILE = YES;
				IPHONEOS_DEPLOYMENT_TARGET = 15.5;
				MARKETING_VERSION = 1.0;
				PRODUCT_BUNDLE_IDENTIFIER = com.egehurturk.StillImageClassifierTests;
				PRODUCT_NAME = "$(TARGET_NAME)";
				SWIFT_EMIT_LOC_STRINGS = NO;
				SWIFT_VERSION = 5.0;
				TARGETED_DEVICE_FAMILY = "1,2";
				TEST_HOST = "$(BUILT_PRODUCTS_DIR)/StillImageClassifier.app/StillImageClassifier";
			};
			name = Debug;
		};
		009F55EC2888186300E638BE /* Release */ = {
			isa = XCBuildConfiguration;
			buildSettings = {
				ALWAYS_EMBED_SWIFT_STANDARD_LIBRARIES = YES;
				BUNDLE_LOADER = "$(TEST_HOST)";
				CODE_SIGN_STYLE = Automatic;
				CURRENT_PROJECT_VERSION = 1;
				DEVELOPMENT_TEAM = HKYHFUB552;
				GENERATE_INFOPLIST_FILE = YES;
				IPHONEOS_DEPLOYMENT_TARGET = 15.5;
				MARKETING_VERSION = 1.0;
				PRODUCT_BUNDLE_IDENTIFIER = com.egehurturk.StillImageClassifierTests;
				PRODUCT_NAME = "$(TARGET_NAME)";
				SWIFT_EMIT_LOC_STRINGS = NO;
				SWIFT_VERSION = 5.0;
				TARGETED_DEVICE_FAMILY = "1,2";
				TEST_HOST = "$(BUILT_PRODUCTS_DIR)/StillImageClassifier.app/StillImageClassifier";
			};
			name = Release;
		};
		009F55EE2888186300E638BE /* Debug */ = {
			isa = XCBuildConfiguration;
			buildSettings = {
				ALWAYS_EMBED_SWIFT_STANDARD_LIBRARIES = YES;
				CODE_SIGN_STYLE = Automatic;
				CURRENT_PROJECT_VERSION = 1;
				DEVELOPMENT_TEAM = HKYHFUB552;
				GENERATE_INFOPLIST_FILE = YES;
				MARKETING_VERSION = 1.0;
				PRODUCT_BUNDLE_IDENTIFIER = com.egehurturk.StillImageClassifierUITests;
				PRODUCT_NAME = "$(TARGET_NAME)";
				SWIFT_EMIT_LOC_STRINGS = NO;
				SWIFT_VERSION = 5.0;
				TARGETED_DEVICE_FAMILY = "1,2";
				TEST_TARGET_NAME = StillImageClassifier;
			};
			name = Debug;
		};
		009F55EF2888186300E638BE /* Release */ = {
			isa = XCBuildConfiguration;
			buildSettings = {
				ALWAYS_EMBED_SWIFT_STANDARD_LIBRARIES = YES;
				CODE_SIGN_STYLE = Automatic;
				CURRENT_PROJECT_VERSION = 1;
				DEVELOPMENT_TEAM = HKYHFUB552;
				GENERATE_INFOPLIST_FILE = YES;
				MARKETING_VERSION = 1.0;
				PRODUCT_BUNDLE_IDENTIFIER = com.egehurturk.StillImageClassifierUITests;
				PRODUCT_NAME = "$(TARGET_NAME)";
				SWIFT_EMIT_LOC_STRINGS = NO;
				SWIFT_VERSION = 5.0;
				TARGETED_DEVICE_FAMILY = "1,2";
				TEST_TARGET_NAME = StillImageClassifier;
			};
			name = Release;
		};
/* End XCBuildConfiguration section */

/* Begin XCConfigurationList section */
		009F55B82888186000E638BE /* Build configuration list for PBXProject "StillImageClassifier" */ = {
			isa = XCConfigurationList;
			buildConfigurations = (
				009F55E52888186300E638BE /* Debug */,
				009F55E62888186300E638BE /* Release */,
			);
			defaultConfigurationIsVisible = 0;
			defaultConfigurationName = Release;
		};
		009F55E72888186300E638BE /* Build configuration list for PBXNativeTarget "StillImageClassifier" */ = {
			isa = XCConfigurationList;
			buildConfigurations = (
				009F55E82888186300E638BE /* Debug */,
				009F55E92888186300E638BE /* Release */,
			);
			defaultConfigurationIsVisible = 0;
			defaultConfigurationName = Release;
		};
		009F55EA2888186300E638BE /* Build configuration list for PBXNativeTarget "StillImageClassifierTests" */ = {
			isa = XCConfigurationList;
			buildConfigurations = (
				009F55EB2888186300E638BE /* Debug */,
				009F55EC2888186300E638BE /* Release */,
			);
			defaultConfigurationIsVisible = 0;
			defaultConfigurationName = Release;
		};
		009F55ED2888186300E638BE /* Build configuration list for PBXNativeTarget "StillImageClassifierUITests" */ = {
			isa = XCConfigurationList;
			buildConfigurations = (
				009F55EE2888186300E638BE /* Debug */,
				009F55EF2888186300E638BE /* Release */,
			);
			defaultConfigurationIsVisible = 0;
			defaultConfigurationName = Release;
		};
/* End XCConfigurationList section */
	};
	rootObject = 009F55B52888186000E638BE /* Project object */;
}
